
Microsoft Visual Studio Solution File, Format Version 12.00
# Visual Studio Version 17
VisualStudioVersion = 17.3.32929.385
MinimumVisualStudioVersion = 10.0.40219.1
Project("{FAE04EC0-301F-11D3-BF4B-00C04F79EFBC}") = "Adapte_Composite", "Adapte_Composite\Adapte_Composite.csproj", "{08674B09-0BE6-4331-87FC-8ED66FD515AC}"
EndProject
Project("{FAE04EC0-301F-11D3-BF4B-00C04F79EFBC}") = "Composite", "Composite\Composite.csproj", "{1207BA3C-952B-44C8-A27C-E0D3AE519DA1}"
EndProject
Global
	GlobalSection(SolutionConfigurationPlatforms) = preSolution
		Debug|Any CPU = Debug|Any CPU
		Release|Any CPU = Release|Any CPU
	EndGlobalSection
	GlobalSection(ProjectConfigurationPlatforms) = postSolution
		{08674B09-0BE6-4331-87FC-8ED66FD515AC}.Debug|Any CPU.ActiveCfg = Debug|Any CPU
		{08674B09-0BE6-4331-87FC-8ED66FD515AC}.Debug|Any CPU.Build.0 = Debug|Any CPU
		{08674B09-0BE6-4331-87FC-8ED66FD515AC}.Release|Any CPU.ActiveCfg = Release|Any CPU
		{08674B09-0BE6-4331-87FC-8ED66FD515AC}.Release|Any CPU.Build.0 = Release|Any CPU
		{1207BA3C-952B-44C8-A27C-E0D3AE519DA1}.Debug|Any CPU.ActiveCfg = Debug|Any CPU
		{1207BA3C-952B-44C8-A27C-E0D3AE519DA1}.Debug|Any CPU.Build.0 = Debug|Any CPU
		{1207BA3C-952B-44C8-A27C-E0D3AE519DA1}.Release|Any CPU.ActiveCfg = Release|Any CPU
		{1207BA3C-952B-44C8-A27C-E0D3AE519DA1}.Release|Any CPU.Build.0 = Release|Any CPU
	EndGlobalSection
	GlobalSection(SolutionProperties) = preSolution
		HideSolutionNode = FALSE
	EndGlobalSection
	GlobalSection(ExtensibilityGlobals) = postSolution
		SolutionGuid = {166D144E-0C2E-415D-B499-5C317163F211}
	EndGlobalSection
EndGlobal
